
Microsoft Visual Studio Solution File, Format Version 12.00
# Visual Studio Version 17
VisualStudioVersion = 17.9.34723.18
MinimumVisualStudioVersion = 10.0.40219.1
Project("{9A19103F-16F7-4668-BE54-9A1E7A4F7556}") = "ManagementApi", "ManagementApi\ManagementApi.csproj", "{CFE6B0BC-4E52-4126-BEC7-FAA64CF66861}"
EndProject
Project("{9A19103F-16F7-4668-BE54-9A1E7A4F7556}") = "ManagementApiTest", "ManagementApiTest\ManagementApiTest.csproj", "{79B43D30-5BA5-4F66-A8D6-B441105754ED}"
EndProject
Project("{9A19103F-16F7-4668-BE54-9A1E7A4F7556}") = "Domain", "Domain\Domain.csproj", "{8B161642-B0EF-4435-BB13-24F2136D2F3D}"
EndProject
Project("{9A19103F-16F7-4668-BE54-9A1E7A4F7556}") = "LogicInterfaces", "LogicInterfaces\LogicInterfaces.csproj", "{35D7608C-18ED-4ABF-A6FC-B3D81134935A}"
EndProject
Project("{9A19103F-16F7-4668-BE54-9A1E7A4F7556}") = "WebModels", "WebModels\WebModels.csproj", "{E065C560-EB60-4033-9FB6-3716217BE3C0}"
EndProject
Project("{9A19103F-16F7-4668-BE54-9A1E7A4F7556}") = "BusinessLogic", "BusinessLogic\BusinessLogic.csproj", "{BB9A01F5-C8F7-4770-B921-4DC2AFBBE3F2}"
EndProject
Project("{9A19103F-16F7-4668-BE54-9A1E7A4F7556}") = "BusinessLogicTest", "BusinessLogicTest\BusinessLogicTest.csproj", "{8EBE634C-9202-4FEF-89B7-C34D42AE1DC8}"
EndProject
Project("{9A19103F-16F7-4668-BE54-9A1E7A4F7556}") = "RepositoryInterfaces", "RepositoryInterfaces\RepositoryInterfaces.csproj", "{1CBDDA6B-2553-4527-BF87-F44ADADD52ED}"
EndProject
Project("{9A19103F-16F7-4668-BE54-9A1E7A4F7556}") = "ServiceFactory", "ServiceFactory\ServiceFactory.csproj", "{5183930F-024E-4E58-AF7D-61061609968B}"
EndProject
Project("{9A19103F-16F7-4668-BE54-9A1E7A4F7556}") = "CustomExceptions", "CustomExceptions\CustomExceptions.csproj", "{CF4E24AB-ECB1-4FD2-927B-57BBEA513709}"
EndProject
Project("{9A19103F-16F7-4668-BE54-9A1E7A4F7556}") = "DataAccess", "DataAccess\DataAccess.csproj", "{11131886-A80B-47DE-A91B-74E59694AFA9}"
EndProject
Project("{9A19103F-16F7-4668-BE54-9A1E7A4F7556}") = "DataAccessTest", "DataAccessTest\DataAccessTest.csproj", "{65894262-BC2B-4170-95DF-108ED8F6E215}"
EndProject
Project("{9A19103F-16F7-4668-BE54-9A1E7A4F7556}") = "JSONImporterV1", "JSONImporterV1\JSONImporterV1.csproj", "{DF67F525-796A-422C-8505-96D817C3B05D}"
EndProject
Project("{9A19103F-16F7-4668-BE54-9A1E7A4F7556}") = "BuildingImporter", "BuildingImporter\BuildingImporter.csproj", "{7C23F9DC-D036-4230-810D-B119A7AFC112}"
EndProject
Project("{9A19103F-16F7-4668-BE54-9A1E7A4F7556}") = "XMLImporterV1", "XMLImporterV1\XMLImporterV1.csproj", "{85E92181-147D-47E3-B39C-45B31486ADF4}"
EndProject
Project("{FAE04EC0-301F-11D3-BF4B-00C04F79EFBC}") = "XMLImporterV1Test", "XMLImporterV1Test\XMLImporterV1Test.csproj", "{A8865190-A74A-4DB9-8211-37F73A9E9853}"
EndProject
Project("{FAE04EC0-301F-11D3-BF4B-00C04F79EFBC}") = "JSONImporterV1Test", "JSONImporterV1Test\JSONImporterV1Test.csproj", "{687A57E5-EBB6-4782-AFC0-7FA218D72526}"
EndProject
Global
	GlobalSection(SolutionConfigurationPlatforms) = preSolution
		Debug|Any CPU = Debug|Any CPU
		Release|Any CPU = Release|Any CPU
	EndGlobalSection
	GlobalSection(ProjectConfigurationPlatforms) = postSolution
		{CFE6B0BC-4E52-4126-BEC7-FAA64CF66861}.Debug|Any CPU.ActiveCfg = Debug|Any CPU
		{CFE6B0BC-4E52-4126-BEC7-FAA64CF66861}.Debug|Any CPU.Build.0 = Debug|Any CPU
		{CFE6B0BC-4E52-4126-BEC7-FAA64CF66861}.Release|Any CPU.ActiveCfg = Release|Any CPU
		{CFE6B0BC-4E52-4126-BEC7-FAA64CF66861}.Release|Any CPU.Build.0 = Release|Any CPU
		{79B43D30-5BA5-4F66-A8D6-B441105754ED}.Debug|Any CPU.ActiveCfg = Debug|Any CPU
		{79B43D30-5BA5-4F66-A8D6-B441105754ED}.Debug|Any CPU.Build.0 = Debug|Any CPU
		{79B43D30-5BA5-4F66-A8D6-B441105754ED}.Release|Any CPU.ActiveCfg = Release|Any CPU
		{79B43D30-5BA5-4F66-A8D6-B441105754ED}.Release|Any CPU.Build.0 = Release|Any CPU
		{8B161642-B0EF-4435-BB13-24F2136D2F3D}.Debug|Any CPU.ActiveCfg = Debug|Any CPU
		{8B161642-B0EF-4435-BB13-24F2136D2F3D}.Debug|Any CPU.Build.0 = Debug|Any CPU
		{8B161642-B0EF-4435-BB13-24F2136D2F3D}.Release|Any CPU.ActiveCfg = Release|Any CPU
		{8B161642-B0EF-4435-BB13-24F2136D2F3D}.Release|Any CPU.Build.0 = Release|Any CPU
		{35D7608C-18ED-4ABF-A6FC-B3D81134935A}.Debug|Any CPU.ActiveCfg = Debug|Any CPU
		{35D7608C-18ED-4ABF-A6FC-B3D81134935A}.Debug|Any CPU.Build.0 = Debug|Any CPU
		{35D7608C-18ED-4ABF-A6FC-B3D81134935A}.Release|Any CPU.ActiveCfg = Release|Any CPU
		{35D7608C-18ED-4ABF-A6FC-B3D81134935A}.Release|Any CPU.Build.0 = Release|Any CPU
		{E065C560-EB60-4033-9FB6-3716217BE3C0}.Debug|Any CPU.ActiveCfg = Debug|Any CPU
		{E065C560-EB60-4033-9FB6-3716217BE3C0}.Debug|Any CPU.Build.0 = Debug|Any CPU
		{E065C560-EB60-4033-9FB6-3716217BE3C0}.Release|Any CPU.ActiveCfg = Release|Any CPU
		{E065C560-EB60-4033-9FB6-3716217BE3C0}.Release|Any CPU.Build.0 = Release|Any CPU
		{BB9A01F5-C8F7-4770-B921-4DC2AFBBE3F2}.Debug|Any CPU.ActiveCfg = Debug|Any CPU
		{BB9A01F5-C8F7-4770-B921-4DC2AFBBE3F2}.Debug|Any CPU.Build.0 = Debug|Any CPU
		{BB9A01F5-C8F7-4770-B921-4DC2AFBBE3F2}.Release|Any CPU.ActiveCfg = Release|Any CPU
		{BB9A01F5-C8F7-4770-B921-4DC2AFBBE3F2}.Release|Any CPU.Build.0 = Release|Any CPU
		{8EBE634C-9202-4FEF-89B7-C34D42AE1DC8}.Debug|Any CPU.ActiveCfg = Debug|Any CPU
		{8EBE634C-9202-4FEF-89B7-C34D42AE1DC8}.Debug|Any CPU.Build.0 = Debug|Any CPU
		{8EBE634C-9202-4FEF-89B7-C34D42AE1DC8}.Release|Any CPU.ActiveCfg = Release|Any CPU
		{8EBE634C-9202-4FEF-89B7-C34D42AE1DC8}.Release|Any CPU.Build.0 = Release|Any CPU
		{1CBDDA6B-2553-4527-BF87-F44ADADD52ED}.Debug|Any CPU.ActiveCfg = Debug|Any CPU
		{1CBDDA6B-2553-4527-BF87-F44ADADD52ED}.Debug|Any CPU.Build.0 = Debug|Any CPU
		{1CBDDA6B-2553-4527-BF87-F44ADADD52ED}.Release|Any CPU.ActiveCfg = Release|Any CPU
		{1CBDDA6B-2553-4527-BF87-F44ADADD52ED}.Release|Any CPU.Build.0 = Release|Any CPU
		{5183930F-024E-4E58-AF7D-61061609968B}.Debug|Any CPU.ActiveCfg = Debug|Any CPU
		{5183930F-024E-4E58-AF7D-61061609968B}.Debug|Any CPU.Build.0 = Debug|Any CPU
		{5183930F-024E-4E58-AF7D-61061609968B}.Release|Any CPU.ActiveCfg = Release|Any CPU
		{5183930F-024E-4E58-AF7D-61061609968B}.Release|Any CPU.Build.0 = Release|Any CPU
		{CF4E24AB-ECB1-4FD2-927B-57BBEA513709}.Debug|Any CPU.ActiveCfg = Debug|Any CPU
		{CF4E24AB-ECB1-4FD2-927B-57BBEA513709}.Debug|Any CPU.Build.0 = Debug|Any CPU
		{CF4E24AB-ECB1-4FD2-927B-57BBEA513709}.Release|Any CPU.ActiveCfg = Release|Any CPU
		{CF4E24AB-ECB1-4FD2-927B-57BBEA513709}.Release|Any CPU.Build.0 = Release|Any CPU
		{11131886-A80B-47DE-A91B-74E59694AFA9}.Debug|Any CPU.ActiveCfg = Debug|Any CPU
		{11131886-A80B-47DE-A91B-74E59694AFA9}.Debug|Any CPU.Build.0 = Debug|Any CPU
		{11131886-A80B-47DE-A91B-74E59694AFA9}.Release|Any CPU.ActiveCfg = Release|Any CPU
		{11131886-A80B-47DE-A91B-74E59694AFA9}.Release|Any CPU.Build.0 = Release|Any CPU
		{65894262-BC2B-4170-95DF-108ED8F6E215}.Debug|Any CPU.ActiveCfg = Debug|Any CPU
		{65894262-BC2B-4170-95DF-108ED8F6E215}.Debug|Any CPU.Build.0 = Debug|Any CPU
		{65894262-BC2B-4170-95DF-108ED8F6E215}.Release|Any CPU.ActiveCfg = Release|Any CPU
		{65894262-BC2B-4170-95DF-108ED8F6E215}.Release|Any CPU.Build.0 = Release|Any CPU
		{DF67F525-796A-422C-8505-96D817C3B05D}.Debug|Any CPU.ActiveCfg = Debug|Any CPU
		{DF67F525-796A-422C-8505-96D817C3B05D}.Debug|Any CPU.Build.0 = Debug|Any CPU
		{DF67F525-796A-422C-8505-96D817C3B05D}.Release|Any CPU.ActiveCfg = Release|Any CPU
		{DF67F525-796A-422C-8505-96D817C3B05D}.Release|Any CPU.Build.0 = Release|Any CPU
		{7C23F9DC-D036-4230-810D-B119A7AFC112}.Debug|Any CPU.ActiveCfg = Debug|Any CPU
		{7C23F9DC-D036-4230-810D-B119A7AFC112}.Debug|Any CPU.Build.0 = Debug|Any CPU
		{7C23F9DC-D036-4230-810D-B119A7AFC112}.Release|Any CPU.ActiveCfg = Release|Any CPU
		{7C23F9DC-D036-4230-810D-B119A7AFC112}.Release|Any CPU.Build.0 = Release|Any CPU
		{85E92181-147D-47E3-B39C-45B31486ADF4}.Debug|Any CPU.ActiveCfg = Debug|Any CPU
		{85E92181-147D-47E3-B39C-45B31486ADF4}.Debug|Any CPU.Build.0 = Debug|Any CPU
		{85E92181-147D-47E3-B39C-45B31486ADF4}.Release|Any CPU.ActiveCfg = Release|Any CPU
		{85E92181-147D-47E3-B39C-45B31486ADF4}.Release|Any CPU.Build.0 = Release|Any CPU
		{A8865190-A74A-4DB9-8211-37F73A9E9853}.Debug|Any CPU.ActiveCfg = Debug|Any CPU
		{A8865190-A74A-4DB9-8211-37F73A9E9853}.Debug|Any CPU.Build.0 = Debug|Any CPU
		{A8865190-A74A-4DB9-8211-37F73A9E9853}.Release|Any CPU.ActiveCfg = Release|Any CPU
		{A8865190-A74A-4DB9-8211-37F73A9E9853}.Release|Any CPU.Build.0 = Release|Any CPU
		{687A57E5-EBB6-4782-AFC0-7FA218D72526}.Debug|Any CPU.ActiveCfg = Debug|Any CPU
		{687A57E5-EBB6-4782-AFC0-7FA218D72526}.Debug|Any CPU.Build.0 = Debug|Any CPU
		{687A57E5-EBB6-4782-AFC0-7FA218D72526}.Release|Any CPU.ActiveCfg = Release|Any CPU
		{687A57E5-EBB6-4782-AFC0-7FA218D72526}.Release|Any CPU.Build.0 = Release|Any CPU
	EndGlobalSection
	GlobalSection(SolutionProperties) = preSolution
		HideSolutionNode = FALSE
	EndGlobalSection
	GlobalSection(ExtensibilityGlobals) = postSolution
		SolutionGuid = {0BC0A3E7-420A-47D0-A144-6764A26E6214}
	EndGlobalSection
	GlobalSection(NDepend) = preSolution
		Project = ".\BuildingBoss.ndproj"
	EndGlobalSection
EndGlobal
